
Microsoft Visual Studio Solution File, Format Version 12.00
# Visual Studio 14
VisualStudioVersion = 14.0.25420.1
MinimumVisualStudioVersion = 10.0.40219.1
Project("{FAE04EC0-301F-11D3-BF4B-00C04F79EFBC}") = "Lesson 1-3 - Follow Tutorial", "Lesson 1-3 - Follow Tutorial\Lesson 1-3 - Follow Tutorial.csproj", "{AD9FC4B1-56AC-43FD-86D8-6A168BC85035}"
EndProject
Project("{FAE04EC0-301F-11D3-BF4B-00C04F79EFBC}") = "Lesson 2-1 -AarhusWebDevCoop", "Lesson 2-1 -AarhusWebDevCoop\Lesson 2-1 -AarhusWebDevCoop.csproj", "{0B85E20E-1FB1-4A9A-AD68-CF68592A322F}"
EndProject
Global
	GlobalSection(SolutionConfigurationPlatforms) = preSolution
		Debug|Any CPU = Debug|Any CPU
		Release|Any CPU = Release|Any CPU
	EndGlobalSection
	GlobalSection(ProjectConfigurationPlatforms) = postSolution
		{AD9FC4B1-56AC-43FD-86D8-6A168BC85035}.Debug|Any CPU.ActiveCfg = Debug|Any CPU
		{AD9FC4B1-56AC-43FD-86D8-6A168BC85035}.Debug|Any CPU.Build.0 = Debug|Any CPU
		{AD9FC4B1-56AC-43FD-86D8-6A168BC85035}.Release|Any CPU.ActiveCfg = Release|Any CPU
		{AD9FC4B1-56AC-43FD-86D8-6A168BC85035}.Release|Any CPU.Build.0 = Release|Any CPU
		{0B85E20E-1FB1-4A9A-AD68-CF68592A322F}.Debug|Any CPU.ActiveCfg = Debug|Any CPU
		{0B85E20E-1FB1-4A9A-AD68-CF68592A322F}.Debug|Any CPU.Build.0 = Debug|Any CPU
		{0B85E20E-1FB1-4A9A-AD68-CF68592A322F}.Release|Any CPU.ActiveCfg = Release|Any CPU
		{0B85E20E-1FB1-4A9A-AD68-CF68592A322F}.Release|Any CPU.Build.0 = Release|Any CPU
	EndGlobalSection
	GlobalSection(SolutionProperties) = preSolution
		HideSolutionNode = FALSE
	EndGlobalSection
EndGlobal
